// !$*UTF8*$!
{
	archiveVersion = 1;
	classes = {
	};
	objectVersion = 48;
	objects = {

/* Begin PBXBuildFile section */
		658001DE82F4FA4E203922B3 /* Pods_VKHackathonTests.framework in Frameworks */ = {isa = PBXBuildFile; fileRef = F0A23D22F3336FB95128C36C /* Pods_VKHackathonTests.framework */; };
		9694B5B91F9AC6AB008DE09B /* Main.storyboard in Resources */ = {isa = PBXBuildFile; fileRef = 9694B5B81F9AC6AB008DE09B /* Main.storyboard */; };
		96BAB8691F9A2C9F00D2B3CC /* AppDelegate.swift in Sources */ = {isa = PBXBuildFile; fileRef = 96BAB8681F9A2C9F00D2B3CC /* AppDelegate.swift */; };
		96BAB86B1F9A2C9F00D2B3CC /* art.scnassets in Resources */ = {isa = PBXBuildFile; fileRef = 96BAB86A1F9A2C9F00D2B3CC /* art.scnassets */; };
		96BAB86D1F9A2C9F00D2B3CC /* ViewController.swift in Sources */ = {isa = PBXBuildFile; fileRef = 96BAB86C1F9A2C9F00D2B3CC /* ViewController.swift */; };
		96BAB8721F9A2C9F00D2B3CC /* Assets.xcassets in Resources */ = {isa = PBXBuildFile; fileRef = 96BAB8711F9A2C9F00D2B3CC /* Assets.xcassets */; };
		96BAB8751F9A2C9F00D2B3CC /* LaunchScreen.storyboard in Resources */ = {isa = PBXBuildFile; fileRef = 96BAB8731F9A2C9F00D2B3CC /* LaunchScreen.storyboard */; };
		96BAB8801F9A2C9F00D2B3CC /* VKHackathonTests.swift in Sources */ = {isa = PBXBuildFile; fileRef = 96BAB87F1F9A2C9F00D2B3CC /* VKHackathonTests.swift */; };
		FC106F7145675F286F19876F /* Pods_VKHackathon.framework in Frameworks */ = {isa = PBXBuildFile; fileRef = F4B22692E88E39BF278DE5BC /* Pods_VKHackathon.framework */; };
/* End PBXBuildFile section */

/* Begin PBXContainerItemProxy section */
		96BAB87C1F9A2C9F00D2B3CC /* PBXContainerItemProxy */ = {
			isa = PBXContainerItemProxy;
			containerPortal = 96BAB85D1F9A2C9F00D2B3CC /* Project object */;
			proxyType = 1;
			remoteGlobalIDString = 96BAB8641F9A2C9F00D2B3CC;
			remoteInfo = VKHackathon;
		};
/* End PBXContainerItemProxy section */

/* Begin PBXFileReference section */
		248FF3CD38C73E041C5AF8B6 /* Pods-VKHackathon.debug.xcconfig */ = {isa = PBXFileReference; includeInIndex = 1; lastKnownFileType = text.xcconfig; name = "Pods-VKHackathon.debug.xcconfig"; path = "Pods/Target Support Files/Pods-VKHackathon/Pods-VKHackathon.debug.xcconfig"; sourceTree = "<group>"; };
		9694B5B81F9AC6AB008DE09B /* Main.storyboard */ = {isa = PBXFileReference; fileEncoding = 4; lastKnownFileType = file.storyboard; path = Main.storyboard; sourceTree = "<group>"; };
		96BAB8651F9A2C9F00D2B3CC /* VKHackathon.app */ = {isa = PBXFileReference; explicitFileType = wrapper.application; includeInIndex = 0; path = VKHackathon.app; sourceTree = BUILT_PRODUCTS_DIR; };
		96BAB8681F9A2C9F00D2B3CC /* AppDelegate.swift */ = {isa = PBXFileReference; lastKnownFileType = sourcecode.swift; path = AppDelegate.swift; sourceTree = "<group>"; };
		96BAB86A1F9A2C9F00D2B3CC /* art.scnassets */ = {isa = PBXFileReference; lastKnownFileType = wrapper.scnassets; path = art.scnassets; sourceTree = "<group>"; };
		96BAB86C1F9A2C9F00D2B3CC /* ViewController.swift */ = {isa = PBXFileReference; lastKnownFileType = sourcecode.swift; path = ViewController.swift; sourceTree = "<group>"; };
		96BAB8711F9A2C9F00D2B3CC /* Assets.xcassets */ = {isa = PBXFileReference; lastKnownFileType = folder.assetcatalog; path = Assets.xcassets; sourceTree = "<group>"; };
		96BAB8741F9A2C9F00D2B3CC /* Base */ = {isa = PBXFileReference; lastKnownFileType = file.storyboard; name = Base; path = Base.lproj/LaunchScreen.storyboard; sourceTree = "<group>"; };
		96BAB8761F9A2C9F00D2B3CC /* Info.plist */ = {isa = PBXFileReference; lastKnownFileType = text.plist.xml; path = Info.plist; sourceTree = "<group>"; };
		96BAB87B1F9A2C9F00D2B3CC /* VKHackathonTests.xctest */ = {isa = PBXFileReference; explicitFileType = wrapper.cfbundle; includeInIndex = 0; path = VKHackathonTests.xctest; sourceTree = BUILT_PRODUCTS_DIR; };
		96BAB87F1F9A2C9F00D2B3CC /* VKHackathonTests.swift */ = {isa = PBXFileReference; lastKnownFileType = sourcecode.swift; path = VKHackathonTests.swift; sourceTree = "<group>"; };
		96BAB8811F9A2C9F00D2B3CC /* Info.plist */ = {isa = PBXFileReference; lastKnownFileType = text.plist.xml; path = Info.plist; sourceTree = "<group>"; };
		9ED8E1AFD33256C9EA6D2B53 /* Pods-VKHackathonTests.debug.xcconfig */ = {isa = PBXFileReference; includeInIndex = 1; lastKnownFileType = text.xcconfig; name = "Pods-VKHackathonTests.debug.xcconfig"; path = "Pods/Target Support Files/Pods-VKHackathonTests/Pods-VKHackathonTests.debug.xcconfig"; sourceTree = "<group>"; };
		B40E103FBE41BFE044924555 /* Pods-VKHackathon.release.xcconfig */ = {isa = PBXFileReference; includeInIndex = 1; lastKnownFileType = text.xcconfig; name = "Pods-VKHackathon.release.xcconfig"; path = "Pods/Target Support Files/Pods-VKHackathon/Pods-VKHackathon.release.xcconfig"; sourceTree = "<group>"; };
		C8098C549C8AA4E2832F8B28 /* Pods-VKHackathonTests.release.xcconfig */ = {isa = PBXFileReference; includeInIndex = 1; lastKnownFileType = text.xcconfig; name = "Pods-VKHackathonTests.release.xcconfig"; path = "Pods/Target Support Files/Pods-VKHackathonTests/Pods-VKHackathonTests.release.xcconfig"; sourceTree = "<group>"; };
		F0A23D22F3336FB95128C36C /* Pods_VKHackathonTests.framework */ = {isa = PBXFileReference; explicitFileType = wrapper.framework; includeInIndex = 0; path = Pods_VKHackathonTests.framework; sourceTree = BUILT_PRODUCTS_DIR; };
		F4B22692E88E39BF278DE5BC /* Pods_VKHackathon.framework */ = {isa = PBXFileReference; explicitFileType = wrapper.framework; includeInIndex = 0; path = Pods_VKHackathon.framework; sourceTree = BUILT_PRODUCTS_DIR; };
/* End PBXFileReference section */

/* Begin PBXFrameworksBuildPhase section */
		96BAB8621F9A2C9F00D2B3CC /* Frameworks */ = {
			isa = PBXFrameworksBuildPhase;
			buildActionMask = 2147483647;
			files = (
				FC106F7145675F286F19876F /* Pods_VKHackathon.framework in Frameworks */,
			);
			runOnlyForDeploymentPostprocessing = 0;
		};
		96BAB8781F9A2C9F00D2B3CC /* Frameworks */ = {
			isa = PBXFrameworksBuildPhase;
			buildActionMask = 2147483647;
			files = (
				658001DE82F4FA4E203922B3 /* Pods_VKHackathonTests.framework in Frameworks */,
			);
			runOnlyForDeploymentPostprocessing = 0;
		};
/* End PBXFrameworksBuildPhase section */

/* Begin PBXGroup section */
		0B9C7227922F11B059243763 /* Frameworks */ = {
			isa = PBXGroup;
			children = (
				F4B22692E88E39BF278DE5BC /* Pods_VKHackathon.framework */,
				F0A23D22F3336FB95128C36C /* Pods_VKHackathonTests.framework */,
			);
			name = Frameworks;
			sourceTree = "<group>";
		};
		96BAB85C1F9A2C9F00D2B3CC = {
			isa = PBXGroup;
			children = (
				96BAB8671F9A2C9F00D2B3CC /* VKHackathon */,
				96BAB87E1F9A2C9F00D2B3CC /* VKHackathonTests */,
				96BAB8661F9A2C9F00D2B3CC /* Products */,
				F5B2E293A7B6C384C002E120 /* Pods */,
				0B9C7227922F11B059243763 /* Frameworks */,
			);
			sourceTree = "<group>";
		};
		96BAB8661F9A2C9F00D2B3CC /* Products */ = {
			isa = PBXGroup;
			children = (
				96BAB8651F9A2C9F00D2B3CC /* VKHackathon.app */,
				96BAB87B1F9A2C9F00D2B3CC /* VKHackathonTests.xctest */,
			);
			name = Products;
			sourceTree = "<group>";
		};
		96BAB8671F9A2C9F00D2B3CC /* VKHackathon */ = {
			isa = PBXGroup;
			children = (
				96BAB8681F9A2C9F00D2B3CC /* AppDelegate.swift */,
				96BAB86A1F9A2C9F00D2B3CC /* art.scnassets */,
				96BAB86C1F9A2C9F00D2B3CC /* ViewController.swift */,
				9694B5B81F9AC6AB008DE09B /* Main.storyboard */,
				96BAB8711F9A2C9F00D2B3CC /* Assets.xcassets */,
				96BAB8731F9A2C9F00D2B3CC /* LaunchScreen.storyboard */,
				96BAB8761F9A2C9F00D2B3CC /* Info.plist */,
			);
			path = VKHackathon;
			sourceTree = "<group>";
		};
		96BAB87E1F9A2C9F00D2B3CC /* VKHackathonTests */ = {
			isa = PBXGroup;
			children = (
				96BAB87F1F9A2C9F00D2B3CC /* VKHackathonTests.swift */,
				96BAB8811F9A2C9F00D2B3CC /* Info.plist */,
			);
			path = VKHackathonTests;
			sourceTree = "<group>";
		};
		F5B2E293A7B6C384C002E120 /* Pods */ = {
			isa = PBXGroup;
			children = (
				248FF3CD38C73E041C5AF8B6 /* Pods-VKHackathon.debug.xcconfig */,
				B40E103FBE41BFE044924555 /* Pods-VKHackathon.release.xcconfig */,
				9ED8E1AFD33256C9EA6D2B53 /* Pods-VKHackathonTests.debug.xcconfig */,
				C8098C549C8AA4E2832F8B28 /* Pods-VKHackathonTests.release.xcconfig */,
			);
			name = Pods;
			sourceTree = "<group>";
		};
/* End PBXGroup section */

/* Begin PBXNativeTarget section */
		96BAB8641F9A2C9F00D2B3CC /* VKHackathon */ = {
			isa = PBXNativeTarget;
			buildConfigurationList = 96BAB8841F9A2C9F00D2B3CC /* Build configuration list for PBXNativeTarget "VKHackathon" */;
			buildPhases = (
				BA09346A3309EA64C873ED0E /* [CP] Check Pods Manifest.lock */,
				96BAB8611F9A2C9F00D2B3CC /* Sources */,
				96BAB8621F9A2C9F00D2B3CC /* Frameworks */,
				96BAB8631F9A2C9F00D2B3CC /* Resources */,
				0D0F6825E6C5A4C9FB8D3D11 /* [CP] Embed Pods Frameworks */,
				09DBE487A4C14B708B2AABC1 /* [CP] Copy Pods Resources */,
			);
			buildRules = (
			);
			dependencies = (
			);
			name = VKHackathon;
			productName = VKHackathon;
			productReference = 96BAB8651F9A2C9F00D2B3CC /* VKHackathon.app */;
			productType = "com.apple.product-type.application";
		};
		96BAB87A1F9A2C9F00D2B3CC /* VKHackathonTests */ = {
			isa = PBXNativeTarget;
			buildConfigurationList = 96BAB8871F9A2C9F00D2B3CC /* Build configuration list for PBXNativeTarget "VKHackathonTests" */;
			buildPhases = (
				6D62E53EE96E84267B248339 /* [CP] Check Pods Manifest.lock */,
				96BAB8771F9A2C9F00D2B3CC /* Sources */,
				96BAB8781F9A2C9F00D2B3CC /* Frameworks */,
				96BAB8791F9A2C9F00D2B3CC /* Resources */,
				6F4362064C577272F916F09B /* [CP] Embed Pods Frameworks */,
				408A7343E26A099A856C2DAA /* [CP] Copy Pods Resources */,
			);
			buildRules = (
			);
			dependencies = (
				96BAB87D1F9A2C9F00D2B3CC /* PBXTargetDependency */,
			);
			name = VKHackathonTests;
			productName = VKHackathonTests;
			productReference = 96BAB87B1F9A2C9F00D2B3CC /* VKHackathonTests.xctest */;
			productType = "com.apple.product-type.bundle.unit-test";
		};
/* End PBXNativeTarget section */

/* Begin PBXProject section */
		96BAB85D1F9A2C9F00D2B3CC /* Project object */ = {
			isa = PBXProject;
			attributes = {
				LastSwiftUpdateCheck = 0900;
				LastUpgradeCheck = 0900;
				ORGANIZATIONNAME = NFO;
				TargetAttributes = {
					96BAB8641F9A2C9F00D2B3CC = {
						CreatedOnToolsVersion = 9.0;
						LastSwiftMigration = 0900;
						ProvisioningStyle = Automatic;
					};
					96BAB87A1F9A2C9F00D2B3CC = {
						CreatedOnToolsVersion = 9.0;
						ProvisioningStyle = Automatic;
						TestTargetID = 96BAB8641F9A2C9F00D2B3CC;
					};
				};
			};
			buildConfigurationList = 96BAB8601F9A2C9F00D2B3CC /* Build configuration list for PBXProject "VKHackathon" */;
			compatibilityVersion = "Xcode 8.0";
			developmentRegion = en;
			hasScannedForEncodings = 0;
			knownRegions = (
				en,
				Base,
			);
			mainGroup = 96BAB85C1F9A2C9F00D2B3CC;
			productRefGroup = 96BAB8661F9A2C9F00D2B3CC /* Products */;
			projectDirPath = "";
			projectRoot = "";
			targets = (
				96BAB8641F9A2C9F00D2B3CC /* VKHackathon */,
				96BAB87A1F9A2C9F00D2B3CC /* VKHackathonTests */,
			);
		};
/* End PBXProject section */

/* Begin PBXResourcesBuildPhase section */
		96BAB8631F9A2C9F00D2B3CC /* Resources */ = {
			isa = PBXResourcesBuildPhase;
			buildActionMask = 2147483647;
			files = (
				96BAB86B1F9A2C9F00D2B3CC /* art.scnassets in Resources */,
				96BAB8751F9A2C9F00D2B3CC /* LaunchScreen.storyboard in Resources */,
				96BAB8721F9A2C9F00D2B3CC /* Assets.xcassets in Resources */,
				9694B5B91F9AC6AB008DE09B /* Main.storyboard in Resources */,
			);
			runOnlyForDeploymentPostprocessing = 0;
		};
		96BAB8791F9A2C9F00D2B3CC /* Resources */ = {
			isa = PBXResourcesBuildPhase;
			buildActionMask = 2147483647;
			files = (
			);
			runOnlyForDeploymentPostprocessing = 0;
		};
/* End PBXResourcesBuildPhase section */

/* Begin PBXShellScriptBuildPhase section */
		09DBE487A4C14B708B2AABC1 /* [CP] Copy Pods Resources */ = {
			isa = PBXShellScriptBuildPhase;
			buildActionMask = 2147483647;
			files = (
			);
			inputPaths = (
			);
			name = "[CP] Copy Pods Resources";
			outputPaths = (
			);
			runOnlyForDeploymentPostprocessing = 0;
			shellPath = /bin/sh;
			shellScript = "\"${SRCROOT}/Pods/Target Support Files/Pods-VKHackathon/Pods-VKHackathon-resources.sh\"\n";
			showEnvVarsInLog = 0;
		};
		0D0F6825E6C5A4C9FB8D3D11 /* [CP] Embed Pods Frameworks */ = {
			isa = PBXShellScriptBuildPhase;
			buildActionMask = 2147483647;
			files = (
			);
			inputPaths = (
				"${SRCROOT}/Pods/Target Support Files/Pods-VKHackathon/Pods-VKHackathon-frameworks.sh",
				"${BUILT_PRODUCTS_DIR}/RxCocoa/RxCocoa.framework",
				"${BUILT_PRODUCTS_DIR}/RxSwift/RxSwift.framework",
			);
			name = "[CP] Embed Pods Frameworks";
			outputPaths = (
				"${TARGET_BUILD_DIR}/${FRAMEWORKS_FOLDER_PATH}/RxCocoa.framework",
				"${TARGET_BUILD_DIR}/${FRAMEWORKS_FOLDER_PATH}/RxSwift.framework",
			);
			runOnlyForDeploymentPostprocessing = 0;
			shellPath = /bin/sh;
			shellScript = "\"${SRCROOT}/Pods/Target Support Files/Pods-VKHackathon/Pods-VKHackathon-frameworks.sh\"\n";
			showEnvVarsInLog = 0;
		};
		408A7343E26A099A856C2DAA /* [CP] Copy Pods Resources */ = {
			isa = PBXShellScriptBuildPhase;
			buildActionMask = 2147483647;
			files = (
			);
			inputPaths = (
			);
			name = "[CP] Copy Pods Resources";
			outputPaths = (
			);
			runOnlyForDeploymentPostprocessing = 0;
			shellPath = /bin/sh;
			shellScript = "\"${SRCROOT}/Pods/Target Support Files/Pods-VKHackathonTests/Pods-VKHackathonTests-resources.sh\"\n";
			showEnvVarsInLog = 0;
		};
		6D62E53EE96E84267B248339 /* [CP] Check Pods Manifest.lock */ = {
			isa = PBXShellScriptBuildPhase;
			buildActionMask = 2147483647;
			files = (
			);
			inputPaths = (
				"${PODS_PODFILE_DIR_PATH}/Podfile.lock",
				"${PODS_ROOT}/Manifest.lock",
			);
			name = "[CP] Check Pods Manifest.lock";
			outputPaths = (
				"$(DERIVED_FILE_DIR)/Pods-VKHackathonTests-checkManifestLockResult.txt",
			);
			runOnlyForDeploymentPostprocessing = 0;
			shellPath = /bin/sh;
			shellScript = "diff \"${PODS_PODFILE_DIR_PATH}/Podfile.lock\" \"${PODS_ROOT}/Manifest.lock\" > /dev/null\nif [ $? != 0 ] ; then\n    # print error to STDERR\n    echo \"error: The sandbox is not in sync with the Podfile.lock. Run 'pod install' or update your CocoaPods installation.\" >&2\n    exit 1\nfi\n# This output is used by Xcode 'outputs' to avoid re-running this script phase.\necho \"SUCCESS\" > \"${SCRIPT_OUTPUT_FILE_0}\"\n";
			showEnvVarsInLog = 0;
		};
		6F4362064C577272F916F09B /* [CP] Embed Pods Frameworks */ = {
			isa = PBXShellScriptBuildPhase;
			buildActionMask = 2147483647;
			files = (
			);
			inputPaths = (
			);
			name = "[CP] Embed Pods Frameworks";
			outputPaths = (
			);
			runOnlyForDeploymentPostprocessing = 0;
			shellPath = /bin/sh;
			shellScript = "\"${SRCROOT}/Pods/Target Support Files/Pods-VKHackathonTests/Pods-VKHackathonTests-frameworks.sh\"\n";
			showEnvVarsInLog = 0;
		};
		BA09346A3309EA64C873ED0E /* [CP] Check Pods Manifest.lock */ = {
			isa = PBXShellScriptBuildPhase;
			buildActionMask = 2147483647;
			files = (
			);
			inputPaths = (
				"${PODS_PODFILE_DIR_PATH}/Podfile.lock",
				"${PODS_ROOT}/Manifest.lock",
			);
			name = "[CP] Check Pods Manifest.lock";
			outputPaths = (
				"$(DERIVED_FILE_DIR)/Pods-VKHackathon-checkManifestLockResult.txt",
			);
			runOnlyForDeploymentPostprocessing = 0;
			shellPath = /bin/sh;
			shellScript = "diff \"${PODS_PODFILE_DIR_PATH}/Podfile.lock\" \"${PODS_ROOT}/Manifest.lock\" > /dev/null\nif [ $? != 0 ] ; then\n    # print error to STDERR\n    echo \"error: The sandbox is not in sync with the Podfile.lock. Run 'pod install' or update your CocoaPods installation.\" >&2\n    exit 1\nfi\n# This output is used by Xcode 'outputs' to avoid re-running this script phase.\necho \"SUCCESS\" > \"${SCRIPT_OUTPUT_FILE_0}\"\n";
			showEnvVarsInLog = 0;
		};
/* End PBXShellScriptBuildPhase section */

/* Begin PBXSourcesBuildPhase section */
		96BAB8611F9A2C9F00D2B3CC /* Sources */ = {
			isa = PBXSourcesBuildPhase;
			buildActionMask = 2147483647;
			files = (
				96BAB86D1F9A2C9F00D2B3CC /* ViewController.swift in Sources */,
				96BAB8691F9A2C9F00D2B3CC /* AppDelegate.swift in Sources */,
			);
			runOnlyForDeploymentPostprocessing = 0;
		};
		96BAB8771F9A2C9F00D2B3CC /* Sources */ = {
			isa = PBXSourcesBuildPhase;
			buildActionMask = 2147483647;
			files = (
				96BAB8801F9A2C9F00D2B3CC /* VKHackathonTests.swift in Sources */,
			);
			runOnlyForDeploymentPostprocessing = 0;
		};
/* End PBXSourcesBuildPhase section */

/* Begin PBXTargetDependency section */
		96BAB87D1F9A2C9F00D2B3CC /* PBXTargetDependency */ = {
			isa = PBXTargetDependency;
			target = 96BAB8641F9A2C9F00D2B3CC /* VKHackathon */;
			targetProxy = 96BAB87C1F9A2C9F00D2B3CC /* PBXContainerItemProxy */;
		};
/* End PBXTargetDependency section */

/* Begin PBXVariantGroup section */
		96BAB8731F9A2C9F00D2B3CC /* LaunchScreen.storyboard */ = {
			isa = PBXVariantGroup;
			children = (
				96BAB8741F9A2C9F00D2B3CC /* Base */,
			);
			name = LaunchScreen.storyboard;
			sourceTree = "<group>";
		};
/* End PBXVariantGroup section */

/* Begin XCBuildConfiguration section */
		96BAB8821F9A2C9F00D2B3CC /* Debug */ = {
			isa = XCBuildConfiguration;
			buildSettings = {
				ALWAYS_SEARCH_USER_PATHS = NO;
				CLANG_ANALYZER_NONNULL = YES;
				CLANG_ANALYZER_NUMBER_OBJECT_CONVERSION = YES_AGGRESSIVE;
				CLANG_CXX_LANGUAGE_STANDARD = "gnu++14";
				CLANG_CXX_LIBRARY = "libc++";
				CLANG_ENABLE_MODULES = YES;
				CLANG_ENABLE_OBJC_ARC = YES;
				CLANG_WARN_BLOCK_CAPTURE_AUTORELEASING = YES;
				CLANG_WARN_BOOL_CONVERSION = YES;
				CLANG_WARN_COMMA = YES;
				CLANG_WARN_CONSTANT_CONVERSION = YES;
				CLANG_WARN_DIRECT_OBJC_ISA_USAGE = YES_ERROR;
				CLANG_WARN_DOCUMENTATION_COMMENTS = YES;
				CLANG_WARN_EMPTY_BODY = YES;
				CLANG_WARN_ENUM_CONVERSION = YES;
				CLANG_WARN_INFINITE_RECURSION = YES;
				CLANG_WARN_INT_CONVERSION = YES;
				CLANG_WARN_NON_LITERAL_NULL_CONVERSION = YES;
				CLANG_WARN_OBJC_LITERAL_CONVERSION = YES;
				CLANG_WARN_OBJC_ROOT_CLASS = YES_ERROR;
				CLANG_WARN_RANGE_LOOP_ANALYSIS = YES;
				CLANG_WARN_STRICT_PROTOTYPES = YES;
				CLANG_WARN_SUSPICIOUS_MOVE = YES;
				CLANG_WARN_UNGUARDED_AVAILABILITY = YES_AGGRESSIVE;
				CLANG_WARN_UNREACHABLE_CODE = YES;
				CLANG_WARN__DUPLICATE_METHOD_MATCH = YES;
				CODE_SIGN_IDENTITY = "iPhone Developer";
				COPY_PHASE_STRIP = NO;
				DEBUG_INFORMATION_FORMAT = dwarf;
				ENABLE_STRICT_OBJC_MSGSEND = YES;
				ENABLE_TESTABILITY = YES;
				GCC_C_LANGUAGE_STANDARD = gnu11;
				GCC_DYNAMIC_NO_PIC = NO;
				GCC_NO_COMMON_BLOCKS = YES;
				GCC_OPTIMIZATION_LEVEL = 0;
				GCC_PREPROCESSOR_DEFINITIONS = (
					"DEBUG=1",
					"$(inherited)",
				);
				GCC_WARN_64_TO_32_BIT_CONVERSION = YES;
				GCC_WARN_ABOUT_RETURN_TYPE = YES_ERROR;
				GCC_WARN_UNDECLARED_SELECTOR = YES;
				GCC_WARN_UNINITIALIZED_AUTOS = YES_AGGRESSIVE;
				GCC_WARN_UNUSED_FUNCTION = YES;
				GCC_WARN_UNUSED_VARIABLE = YES;
				IPHONEOS_DEPLOYMENT_TARGET = 11.0;
				MTL_ENABLE_DEBUG_INFO = YES;
				ONLY_ACTIVE_ARCH = YES;
				SDKROOT = iphoneos;
				SWIFT_ACTIVE_COMPILATION_CONDITIONS = DEBUG;
				SWIFT_OPTIMIZATION_LEVEL = "-Onone";
			};
			name = Debug;
		};
		96BAB8831F9A2C9F00D2B3CC /* Release */ = {
			isa = XCBuildConfiguration;
			buildSettings = {
				ALWAYS_SEARCH_USER_PATHS = NO;
				CLANG_ANALYZER_NONNULL = YES;
				CLANG_ANALYZER_NUMBER_OBJECT_CONVERSION = YES_AGGRESSIVE;
				CLANG_CXX_LANGUAGE_STANDARD = "gnu++14";
				CLANG_CXX_LIBRARY = "libc++";
				CLANG_ENABLE_MODULES = YES;
				CLANG_ENABLE_OBJC_ARC = YES;
				CLANG_WARN_BLOCK_CAPTURE_AUTORELEASING = YES;
				CLANG_WARN_BOOL_CONVERSION = YES;
				CLANG_WARN_COMMA = YES;
				CLANG_WARN_CONSTANT_CONVERSION = YES;
				CLANG_WARN_DIRECT_OBJC_ISA_USAGE = YES_ERROR;
				CLANG_WARN_DOCUMENTATION_COMMENTS = YES;
				CLANG_WARN_EMPTY_BODY = YES;
				CLANG_WARN_ENUM_CONVERSION = YES;
				CLANG_WARN_INFINITE_RECURSION = YES;
				CLANG_WARN_INT_CONVERSION = YES;
				CLANG_WARN_NON_LITERAL_NULL_CONVERSION = YES;
				CLANG_WARN_OBJC_LITERAL_CONVERSION = YES;
				CLANG_WARN_OBJC_ROOT_CLASS = YES_ERROR;
				CLANG_WARN_RANGE_LOOP_ANALYSIS = YES;
				CLANG_WARN_STRICT_PROTOTYPES = YES;
				CLANG_WARN_SUSPICIOUS_MOVE = YES;
				CLANG_WARN_UNGUARDED_AVAILABILITY = YES_AGGRESSIVE;
				CLANG_WARN_UNREACHABLE_CODE = YES;
				CLANG_WARN__DUPLICATE_METHOD_MATCH = YES;
				CODE_SIGN_IDENTITY = "iPhone Developer";
				COPY_PHASE_STRIP = NO;
				DEBUG_INFORMATION_FORMAT = "dwarf-with-dsym";
				ENABLE_NS_ASSERTIONS = NO;
				ENABLE_STRICT_OBJC_MSGSEND = YES;
				GCC_C_LANGUAGE_STANDARD = gnu11;
				GCC_NO_COMMON_BLOCKS = YES;
				GCC_WARN_64_TO_32_BIT_CONVERSION = YES;
				GCC_WARN_ABOUT_RETURN_TYPE = YES_ERROR;
				GCC_WARN_UNDECLARED_SELECTOR = YES;
				GCC_WARN_UNINITIALIZED_AUTOS = YES_AGGRESSIVE;
				GCC_WARN_UNUSED_FUNCTION = YES;
				GCC_WARN_UNUSED_VARIABLE = YES;
				IPHONEOS_DEPLOYMENT_TARGET = 11.0;
				MTL_ENABLE_DEBUG_INFO = NO;
				SDKROOT = iphoneos;
				SWIFT_OPTIMIZATION_LEVEL = "-Owholemodule";
				VALIDATE_PRODUCT = YES;
			};
			name = Release;
		};
		96BAB8851F9A2C9F00D2B3CC /* Debug */ = {
			isa = XCBuildConfiguration;
			baseConfigurationReference = 248FF3CD38C73E041C5AF8B6 /* Pods-VKHackathon.debug.xcconfig */;
			buildSettings = {
				ASSETCATALOG_COMPILER_APPICON_NAME = AppIcon;
				CLANG_ENABLE_MODULES = YES;
				CODE_SIGN_STYLE = Automatic;
				DEVELOPMENT_TEAM = W9HXCUL7KS;
				INFOPLIST_FILE = VKHackathon/Info.plist;
				LD_RUNPATH_SEARCH_PATHS = "$(inherited) @executable_path/Frameworks";
				PRODUCT_BUNDLE_IDENTIFIER = com.Jufy.artyfy;
				PRODUCT_NAME = "$(TARGET_NAME)";
				SWIFT_INSTALL_OBJC_HEADER = NO;
				SWIFT_OPTIMIZATION_LEVEL = "-Onone";
				SWIFT_VERSION = 4.0;
				TARGETED_DEVICE_FAMILY = "1,2";
			};
			name = Debug;
		};
		96BAB8861F9A2C9F00D2B3CC /* Release */ = {
			isa = XCBuildConfiguration;
			baseConfigurationReference = B40E103FBE41BFE044924555 /* Pods-VKHackathon.release.xcconfig */;
			buildSettings = {
				ASSETCATALOG_COMPILER_APPICON_NAME = AppIcon;
				CLANG_ENABLE_MODULES = YES;
				CODE_SIGN_STYLE = Automatic;
				DEVELOPMENT_TEAM = W9HXCUL7KS;
				INFOPLIST_FILE = VKHackathon/Info.plist;
				LD_RUNPATH_SEARCH_PATHS = "$(inherited) @executable_path/Frameworks";
				PRODUCT_BUNDLE_IDENTIFIER = com.Jufy.artyfy;
				PRODUCT_NAME = "$(TARGET_NAME)";
				SWIFT_INSTALL_OBJC_HEADER = NO;
				SWIFT_VERSION = 4.0;
				TARGETED_DEVICE_FAMILY = "1,2";
			};
			name = Release;
		};
		96BAB8881F9A2C9F00D2B3CC /* Debug */ = {
			isa = XCBuildConfiguration;
			baseConfigurationReference = 9ED8E1AFD33256C9EA6D2B53 /* Pods-VKHackathonTests.debug.xcconfig */;
			buildSettings = {
				ALWAYS_EMBED_SWIFT_STANDARD_LIBRARIES = YES;
				BUNDLE_LOADER = "$(TEST_HOST)";
				CODE_SIGN_STYLE = Automatic;
				DEVELOPMENT_TEAM = 262F459V52;
				INFOPLIST_FILE = VKHackathonTests/Info.plist;
				LD_RUNPATH_SEARCH_PATHS = "$(inherited) @executable_path/Frameworks @loader_path/Frameworks";
				PRODUCT_BUNDLE_IDENTIFIER = com.NFO.VKHackathonTests;
				PRODUCT_NAME = "$(TARGET_NAME)";
				SWIFT_VERSION = 4.0;
				TARGETED_DEVICE_FAMILY = "1,2";
				TEST_HOST = "$(BUILT_PRODUCTS_DIR)/VKHackathon.app/VKHackathon";
			};
			name = Debug;
		};
		96BAB8891F9A2C9F00D2B3CC /* Release */ = {
			isa = XCBuildConfiguration;
			baseConfigurationReference = C8098C549C8AA4E2832F8B28 /* Pods-VKHackathonTests.release.xcconfig */;
			buildSettings = {
				ALWAYS_EMBED_SWIFT_STANDARD_LIBRARIES = YES;
				BUNDLE_LOADER = "$(TEST_HOST)";
				CODE_SIGN_STYLE = Automatic;
				DEVELOPMENT_TEAM = 262F459V52;
				INFOPLIST_FILE = VKHackathonTests/Info.plist;
				LD_RUNPATH_SEARCH_PATHS = "$(inherited) @executable_path/Frameworks @loader_path/Frameworks";
				PRODUCT_BUNDLE_IDENTIFIER = com.NFO.VKHackathonTests;
				PRODUCT_NAME = "$(TARGET_NAME)";
				SWIFT_VERSION = 4.0;
				TARGETED_DEVICE_FAMILY = "1,2";
				TEST_HOST = "$(BUILT_PRODUCTS_DIR)/VKHackathon.app/VKHackathon";
			};
			name = Release;
		};
/* End XCBuildConfiguration section */

/* Begin XCConfigurationList section */
		96BAB8601F9A2C9F00D2B3CC /* Build configuration list for PBXProject "VKHackathon" */ = {
			isa = XCConfigurationList;
			buildConfigurations = (
				96BAB8821F9A2C9F00D2B3CC /* Debug */,
				96BAB8831F9A2C9F00D2B3CC /* Release */,
			);
			defaultConfigurationIsVisible = 0;
			defaultConfigurationName = Release;
		};
		96BAB8841F9A2C9F00D2B3CC /* Build configuration list for PBXNativeTarget "VKHackathon" */ = {
			isa = XCConfigurationList;
			buildConfigurations = (
				96BAB8851F9A2C9F00D2B3CC /* Debug */,
				96BAB8861F9A2C9F00D2B3CC /* Release */,
			);
			defaultConfigurationIsVisible = 0;
			defaultConfigurationName = Release;
		};
		96BAB8871F9A2C9F00D2B3CC /* Build configuration list for PBXNativeTarget "VKHackathonTests" */ = {
			isa = XCConfigurationList;
			buildConfigurations = (
				96BAB8881F9A2C9F00D2B3CC /* Debug */,
				96BAB8891F9A2C9F00D2B3CC /* Release */,
			);
			defaultConfigurationIsVisible = 0;
			defaultConfigurationName = Release;
		};
/* End XCConfigurationList section */
	};
	rootObject = 96BAB85D1F9A2C9F00D2B3CC /* Project object */;
}
