// !$*UTF8*$!
{
	archiveVersion = 1;
	classes = {
	};
	objectVersion = 48;
	objects = {

/* Begin PBXBuildFile section */
		96BAB8691F9A2C9F00D2B3CC /* AppDelegate.swift in Sources */ = {isa = PBXBuildFile; fileRef = 96BAB8681F9A2C9F00D2B3CC /* AppDelegate.swift */; };
		96BAB86B1F9A2C9F00D2B3CC /* art.scnassets in Resources */ = {isa = PBXBuildFile; fileRef = 96BAB86A1F9A2C9F00D2B3CC /* art.scnassets */; };
		96BAB86D1F9A2C9F00D2B3CC /* ViewController.swift in Sources */ = {isa = PBXBuildFile; fileRef = 96BAB86C1F9A2C9F00D2B3CC /* ViewController.swift */; };
		96BAB8701F9A2C9F00D2B3CC /* Main.storyboard in Resources */ = {isa = PBXBuildFile; fileRef = 96BAB86E1F9A2C9F00D2B3CC /* Main.storyboard */; };
		96BAB8721F9A2C9F00D2B3CC /* Assets.xcassets in Resources */ = {isa = PBXBuildFile; fileRef = 96BAB8711F9A2C9F00D2B3CC /* Assets.xcassets */; };
		96BAB8751F9A2C9F00D2B3CC /* LaunchScreen.storyboard in Resources */ = {isa = PBXBuildFile; fileRef = 96BAB8731F9A2C9F00D2B3CC /* LaunchScreen.storyboard */; };
		96BAB8801F9A2C9F00D2B3CC /* VKHackathonTests.swift in Sources */ = {isa = PBXBuildFile; fileRef = 96BAB87F1F9A2C9F00D2B3CC /* VKHackathonTests.swift */; };
/* End PBXBuildFile section */

/* Begin PBXContainerItemProxy section */
		96BAB87C1F9A2C9F00D2B3CC /* PBXContainerItemProxy */ = {
			isa = PBXContainerItemProxy;
			containerPortal = 96BAB85D1F9A2C9F00D2B3CC /* Project object */;
			proxyType = 1;
			remoteGlobalIDString = 96BAB8641F9A2C9F00D2B3CC;
			remoteInfo = VKHackathon;
		};
/* End PBXContainerItemProxy section */

/* Begin PBXFileReference section */
		96BAB8651F9A2C9F00D2B3CC /* VKHackathon.app */ = {isa = PBXFileReference; explicitFileType = wrapper.application; includeInIndex = 0; path = VKHackathon.app; sourceTree = BUILT_PRODUCTS_DIR; };
		96BAB8681F9A2C9F00D2B3CC /* AppDelegate.swift */ = {isa = PBXFileReference; lastKnownFileType = sourcecode.swift; path = AppDelegate.swift; sourceTree = "<group>"; };
		96BAB86A1F9A2C9F00D2B3CC /* art.scnassets */ = {isa = PBXFileReference; lastKnownFileType = wrapper.scnassets; path = art.scnassets; sourceTree = "<group>"; };
		96BAB86C1F9A2C9F00D2B3CC /* ViewController.swift */ = {isa = PBXFileReference; lastKnownFileType = sourcecode.swift; path = ViewController.swift; sourceTree = "<group>"; };
		96BAB86F1F9A2C9F00D2B3CC /* Base */ = {isa = PBXFileReference; lastKnownFileType = file.storyboard; name = Base; path = Base.lproj/Main.storyboard; sourceTree = "<group>"; };
		96BAB8711F9A2C9F00D2B3CC /* Assets.xcassets */ = {isa = PBXFileReference; lastKnownFileType = folder.assetcatalog; path = Assets.xcassets; sourceTree = "<group>"; };
		96BAB8741F9A2C9F00D2B3CC /* Base */ = {isa = PBXFileReference; lastKnownFileType = file.storyboard; name = Base; path = Base.lproj/LaunchScreen.storyboard; sourceTree = "<group>"; };
		96BAB8761F9A2C9F00D2B3CC /* Info.plist */ = {isa = PBXFileReference; lastKnownFileType = text.plist.xml; path = Info.plist; sourceTree = "<group>"; };
		96BAB87B1F9A2C9F00D2B3CC /* VKHackathonTests.xctest */ = {isa = PBXFileReference; explicitFileType = wrapper.cfbundle; includeInIndex = 0; path = VKHackathonTests.xctest; sourceTree = BUILT_PRODUCTS_DIR; };
		96BAB87F1F9A2C9F00D2B3CC /* VKHackathonTests.swift */ = {isa = PBXFileReference; lastKnownFileType = sourcecode.swift; path = VKHackathonTests.swift; sourceTree = "<group>"; };
		96BAB8811F9A2C9F00D2B3CC /* Info.plist */ = {isa = PBXFileReference; lastKnownFileType = text.plist.xml; path = Info.plist; sourceTree = "<group>"; };
/* End PBXFileReference section */

/* Begin PBXFrameworksBuildPhase section */
		96BAB8621F9A2C9F00D2B3CC /* Frameworks */ = {
			isa = PBXFrameworksBuildPhase;
			buildActionMask = 2147483647;
			files = (
			);
			runOnlyForDeploymentPostprocessing = 0;
		};
		96BAB8781F9A2C9F00D2B3CC /* Frameworks */ = {
			isa = PBXFrameworksBuildPhase;
			buildActionMask = 2147483647;
			files = (
			);
			runOnlyForDeploymentPostprocessing = 0;
		};
/* End PBXFrameworksBuildPhase section */

/* Begin PBXGroup section */
		96BAB85C1F9A2C9F00D2B3CC = {
			isa = PBXGroup;
			children = (
				96BAB8671F9A2C9F00D2B3CC /* VKHackathon */,
				96BAB87E1F9A2C9F00D2B3CC /* VKHackathonTests */,
				96BAB8661F9A2C9F00D2B3CC /* Products */,
			);
			sourceTree = "<group>";
		};
		96BAB8661F9A2C9F00D2B3CC /* Products */ = {
			isa = PBXGroup;
			children = (
				96BAB8651F9A2C9F00D2B3CC /* VKHackathon.app */,
				96BAB87B1F9A2C9F00D2B3CC /* VKHackathonTests.xctest */,
			);
			name = Products;
			sourceTree = "<group>";
		};
		96BAB8671F9A2C9F00D2B3CC /* VKHackathon */ = {
			isa = PBXGroup;
			children = (
				96BAB8681F9A2C9F00D2B3CC /* AppDelegate.swift */,
				96BAB86A1F9A2C9F00D2B3CC /* art.scnassets */,
				96BAB86C1F9A2C9F00D2B3CC /* ViewController.swift */,
				96BAB86E1F9A2C9F00D2B3CC /* Main.storyboard */,
				96BAB8711F9A2C9F00D2B3CC /* Assets.xcassets */,
				96BAB8731F9A2C9F00D2B3CC /* LaunchScreen.storyboard */,
				96BAB8761F9A2C9F00D2B3CC /* Info.plist */,
			);
			path = VKHackathon;
			sourceTree = "<group>";
		};
		96BAB87E1F9A2C9F00D2B3CC /* VKHackathonTests */ = {
			isa = PBXGroup;
			children = (
				96BAB87F1F9A2C9F00D2B3CC /* VKHackathonTests.swift */,
				96BAB8811F9A2C9F00D2B3CC /* Info.plist */,
			);
			path = VKHackathonTests;
			sourceTree = "<group>";
		};
/* End PBXGroup section */

/* Begin PBXNativeTarget section */
		96BAB8641F9A2C9F00D2B3CC /* VKHackathon */ = {
			isa = PBXNativeTarget;
			buildConfigurationList = 96BAB8841F9A2C9F00D2B3CC /* Build configuration list for PBXNativeTarget "VKHackathon" */;
			buildPhases = (
				96BAB8611F9A2C9F00D2B3CC /* Sources */,
				96BAB8621F9A2C9F00D2B3CC /* Frameworks */,
				96BAB8631F9A2C9F00D2B3CC /* Resources */,
			);
			buildRules = (
			);
			dependencies = (
			);
			name = VKHackathon;
			productName = VKHackathon;
			productReference = 96BAB8651F9A2C9F00D2B3CC /* VKHackathon.app */;
			productType = "com.apple.product-type.application";
		};
		96BAB87A1F9A2C9F00D2B3CC /* VKHackathonTests */ = {
			isa = PBXNativeTarget;
			buildConfigurationList = 96BAB8871F9A2C9F00D2B3CC /* Build configuration list for PBXNativeTarget "VKHackathonTests" */;
			buildPhases = (
				96BAB8771F9A2C9F00D2B3CC /* Sources */,
				96BAB8781F9A2C9F00D2B3CC /* Frameworks */,
				96BAB8791F9A2C9F00D2B3CC /* Resources */,
			);
			buildRules = (
			);
			dependencies = (
				96BAB87D1F9A2C9F00D2B3CC /* PBXTargetDependency */,
			);
			name = VKHackathonTests;
			productName = VKHackathonTests;
			productReference = 96BAB87B1F9A2C9F00D2B3CC /* VKHackathonTests.xctest */;
			productType = "com.apple.product-type.bundle.unit-test";
		};
/* End PBXNativeTarget section */

/* Begin PBXProject section */
		96BAB85D1F9A2C9F00D2B3CC /* Project object */ = {
			isa = PBXProject;
			attributes = {
				LastSwiftUpdateCheck = 0900;
				LastUpgradeCheck = 0900;
				ORGANIZATIONNAME = NFO;
				TargetAttributes = {
					96BAB8641F9A2C9F00D2B3CC = {
						CreatedOnToolsVersion = 9.0;
						ProvisioningStyle = Automatic;
					};
					96BAB87A1F9A2C9F00D2B3CC = {
						CreatedOnToolsVersion = 9.0;
						ProvisioningStyle = Automatic;
						TestTargetID = 96BAB8641F9A2C9F00D2B3CC;
					};
				};
			};
			buildConfigurationList = 96BAB8601F9A2C9F00D2B3CC /* Build configuration list for PBXProject "VKHackathon" */;
			compatibilityVersion = "Xcode 8.0";
			developmentRegion = en;
			hasScannedForEncodings = 0;
			knownRegions = (
				en,
				Base,
			);
			mainGroup = 96BAB85C1F9A2C9F00D2B3CC;
			productRefGroup = 96BAB8661F9A2C9F00D2B3CC /* Products */;
			projectDirPath = "";
			projectRoot = "";
			targets = (
				96BAB8641F9A2C9F00D2B3CC /* VKHackathon */,
				96BAB87A1F9A2C9F00D2B3CC /* VKHackathonTests */,
			);
		};
/* End PBXProject section */

/* Begin PBXResourcesBuildPhase section */
		96BAB8631F9A2C9F00D2B3CC /* Resources */ = {
			isa = PBXResourcesBuildPhase;
			buildActionMask = 2147483647;
			files = (
				96BAB86B1F9A2C9F00D2B3CC /* art.scnassets in Resources */,
				96BAB8751F9A2C9F00D2B3CC /* LaunchScreen.storyboard in Resources */,
				96BAB8721F9A2C9F00D2B3CC /* Assets.xcassets in Resources */,
				96BAB8701F9A2C9F00D2B3CC /* Main.storyboard in Resources */,
			);
			runOnlyForDeploymentPostprocessing = 0;
		};
		96BAB8791F9A2C9F00D2B3CC /* Resources */ = {
			isa = PBXResourcesBuildPhase;
			buildActionMask = 2147483647;
			files = (
			);
			runOnlyForDeploymentPostprocessing = 0;
		};
/* End PBXResourcesBuildPhase section */

/* Begin PBXSourcesBuildPhase section */
		96BAB8611F9A2C9F00D2B3CC /* Sources */ = {
			isa = PBXSourcesBuildPhase;
			buildActionMask = 2147483647;
			files = (
				96BAB86D1F9A2C9F00D2B3CC /* ViewController.swift in Sources */,
				96BAB8691F9A2C9F00D2B3CC /* AppDelegate.swift in Sources */,
			);
			runOnlyForDeploymentPostprocessing = 0;
		};
		96BAB8771F9A2C9F00D2B3CC /* Sources */ = {
			isa = PBXSourcesBuildPhase;
			buildActionMask = 2147483647;
			files = (
				96BAB8801F9A2C9F00D2B3CC /* VKHackathonTests.swift in Sources */,
			);
			runOnlyForDeploymentPostprocessing = 0;
		};
/* End PBXSourcesBuildPhase section */

/* Begin PBXTargetDependency section */
		96BAB87D1F9A2C9F00D2B3CC /* PBXTargetDependency */ = {
			isa = PBXTargetDependency;
			target = 96BAB8641F9A2C9F00D2B3CC /* VKHackathon */;
			targetProxy = 96BAB87C1F9A2C9F00D2B3CC /* PBXContainerItemProxy */;
		};
/* End PBXTargetDependency section */

/* Begin PBXVariantGroup section */
		96BAB86E1F9A2C9F00D2B3CC /* Main.storyboard */ = {
			isa = PBXVariantGroup;
			children = (
				96BAB86F1F9A2C9F00D2B3CC /* Base */,
			);
			name = Main.storyboard;
			sourceTree = "<group>";
		};
		96BAB8731F9A2C9F00D2B3CC /* LaunchScreen.storyboard */ = {
			isa = PBXVariantGroup;
			children = (
				96BAB8741F9A2C9F00D2B3CC /* Base */,
			);
			name = LaunchScreen.storyboard;
			sourceTree = "<group>";
		};
/* End PBXVariantGroup section */

/* Begin XCBuildConfiguration section */
		96BAB8821F9A2C9F00D2B3CC /* Debug */ = {
			isa = XCBuildConfiguration;
			buildSettings = {
				ALWAYS_SEARCH_USER_PATHS = NO;
				CLANG_ANALYZER_NONNULL = YES;
				CLANG_ANALYZER_NUMBER_OBJECT_CONVERSION = YES_AGGRESSIVE;
				CLANG_CXX_LANGUAGE_STANDARD = "gnu++14";
				CLANG_CXX_LIBRARY = "libc++";
				CLANG_ENABLE_MODULES = YES;
				CLANG_ENABLE_OBJC_ARC = YES;
				CLANG_WARN_BLOCK_CAPTURE_AUTORELEASING = YES;
				CLANG_WARN_BOOL_CONVERSION = YES;
				CLANG_WARN_COMMA = YES;
				CLANG_WARN_CONSTANT_CONVERSION = YES;
				CLANG_WARN_DIRECT_OBJC_ISA_USAGE = YES_ERROR;
				CLANG_WARN_DOCUMENTATION_COMMENTS = YES;
				CLANG_WARN_EMPTY_BODY = YES;
				CLANG_WARN_ENUM_CONVERSION = YES;
				CLANG_WARN_INFINITE_RECURSION = YES;
				CLANG_WARN_INT_CONVERSION = YES;
				CLANG_WARN_NON_LITERAL_NULL_CONVERSION = YES;
				CLANG_WARN_OBJC_LITERAL_CONVERSION = YES;
				CLANG_WARN_OBJC_ROOT_CLASS = YES_ERROR;
				CLANG_WARN_RANGE_LOOP_ANALYSIS = YES;
				CLANG_WARN_STRICT_PROTOTYPES = YES;
				CLANG_WARN_SUSPICIOUS_MOVE = YES;
				CLANG_WARN_UNGUARDED_AVAILABILITY = YES_AGGRESSIVE;
				CLANG_WARN_UNREACHABLE_CODE = YES;
				CLANG_WARN__DUPLICATE_METHOD_MATCH = YES;
				CODE_SIGN_IDENTITY = "iPhone Developer";
				COPY_PHASE_STRIP = NO;
				DEBUG_INFORMATION_FORMAT = dwarf;
				ENABLE_STRICT_OBJC_MSGSEND = YES;
				ENABLE_TESTABILITY = YES;
				GCC_C_LANGUAGE_STANDARD = gnu11;
				GCC_DYNAMIC_NO_PIC = NO;
				GCC_NO_COMMON_BLOCKS = YES;
				GCC_OPTIMIZATION_LEVEL = 0;
				GCC_PREPROCESSOR_DEFINITIONS = (
					"DEBUG=1",
					"$(inherited)",
				);
				GCC_WARN_64_TO_32_BIT_CONVERSION = YES;
				GCC_WARN_ABOUT_RETURN_TYPE = YES_ERROR;
				GCC_WARN_UNDECLARED_SELECTOR = YES;
				GCC_WARN_UNINITIALIZED_AUTOS = YES_AGGRESSIVE;
				GCC_WARN_UNUSED_FUNCTION = YES;
				GCC_WARN_UNUSED_VARIABLE = YES;
				IPHONEOS_DEPLOYMENT_TARGET = 11.0;
				MTL_ENABLE_DEBUG_INFO = YES;
				ONLY_ACTIVE_ARCH = YES;
				SDKROOT = iphoneos;
				SWIFT_ACTIVE_COMPILATION_CONDITIONS = DEBUG;
				SWIFT_OPTIMIZATION_LEVEL = "-Onone";
			};
			name = Debug;
		};
		96BAB8831F9A2C9F00D2B3CC /* Release */ = {
			isa = XCBuildConfiguration;
			buildSettings = {
				ALWAYS_SEARCH_USER_PATHS = NO;
				CLANG_ANALYZER_NONNULL = YES;
				CLANG_ANALYZER_NUMBER_OBJECT_CONVERSION = YES_AGGRESSIVE;
				CLANG_CXX_LANGUAGE_STANDARD = "gnu++14";
				CLANG_CXX_LIBRARY = "libc++";
				CLANG_ENABLE_MODULES = YES;
				CLANG_ENABLE_OBJC_ARC = YES;
				CLANG_WARN_BLOCK_CAPTURE_AUTORELEASING = YES;
				CLANG_WARN_BOOL_CONVERSION = YES;
				CLANG_WARN_COMMA = YES;
				CLANG_WARN_CONSTANT_CONVERSION = YES;
				CLANG_WARN_DIRECT_OBJC_ISA_USAGE = YES_ERROR;
				CLANG_WARN_DOCUMENTATION_COMMENTS = YES;
				CLANG_WARN_EMPTY_BODY = YES;
				CLANG_WARN_ENUM_CONVERSION = YES;
				CLANG_WARN_INFINITE_RECURSION = YES;
				CLANG_WARN_INT_CONVERSION = YES;
				CLANG_WARN_NON_LITERAL_NULL_CONVERSION = YES;
				CLANG_WARN_OBJC_LITERAL_CONVERSION = YES;
				CLANG_WARN_OBJC_ROOT_CLASS = YES_ERROR;
				CLANG_WARN_RANGE_LOOP_ANALYSIS = YES;
				CLANG_WARN_STRICT_PROTOTYPES = YES;
				CLANG_WARN_SUSPICIOUS_MOVE = YES;
				CLANG_WARN_UNGUARDED_AVAILABILITY = YES_AGGRESSIVE;
				CLANG_WARN_UNREACHABLE_CODE = YES;
				CLANG_WARN__DUPLICATE_METHOD_MATCH = YES;
				CODE_SIGN_IDENTITY = "iPhone Developer";
				COPY_PHASE_STRIP = NO;
				DEBUG_INFORMATION_FORMAT = "dwarf-with-dsym";
				ENABLE_NS_ASSERTIONS = NO;
				ENABLE_STRICT_OBJC_MSGSEND = YES;
				GCC_C_LANGUAGE_STANDARD = gnu11;
				GCC_NO_COMMON_BLOCKS = YES;
				GCC_WARN_64_TO_32_BIT_CONVERSION = YES;
				GCC_WARN_ABOUT_RETURN_TYPE = YES_ERROR;
				GCC_WARN_UNDECLARED_SELECTOR = YES;
				GCC_WARN_UNINITIALIZED_AUTOS = YES_AGGRESSIVE;
				GCC_WARN_UNUSED_FUNCTION = YES;
				GCC_WARN_UNUSED_VARIABLE = YES;
				IPHONEOS_DEPLOYMENT_TARGET = 11.0;
				MTL_ENABLE_DEBUG_INFO = NO;
				SDKROOT = iphoneos;
				SWIFT_OPTIMIZATION_LEVEL = "-Owholemodule";
				VALIDATE_PRODUCT = YES;
			};
			name = Release;
		};
		96BAB8851F9A2C9F00D2B3CC /* Debug */ = {
			isa = XCBuildConfiguration;
			buildSettings = {
				ASSETCATALOG_COMPILER_APPICON_NAME = AppIcon;
				CODE_SIGN_STYLE = Automatic;
				DEVELOPMENT_TEAM = 262F459V52;
				INFOPLIST_FILE = VKHackathon/Info.plist;
				LD_RUNPATH_SEARCH_PATHS = "$(inherited) @executable_path/Frameworks";
				PRODUCT_BUNDLE_IDENTIFIER = com.NFO.VKHackathon;
				PRODUCT_NAME = "$(TARGET_NAME)";
				SWIFT_VERSION = 4.0;
				TARGETED_DEVICE_FAMILY = "1,2";
			};
			name = Debug;
		};
		96BAB8861F9A2C9F00D2B3CC /* Release */ = {
			isa = XCBuildConfiguration;
			buildSettings = {
				ASSETCATALOG_COMPILER_APPICON_NAME = AppIcon;
				CODE_SIGN_STYLE = Automatic;
				DEVELOPMENT_TEAM = 262F459V52;
				INFOPLIST_FILE = VKHackathon/Info.plist;
				LD_RUNPATH_SEARCH_PATHS = "$(inherited) @executable_path/Frameworks";
				PRODUCT_BUNDLE_IDENTIFIER = com.NFO.VKHackathon;
				PRODUCT_NAME = "$(TARGET_NAME)";
				SWIFT_VERSION = 4.0;
				TARGETED_DEVICE_FAMILY = "1,2";
			};
			name = Release;
		};
		96BAB8881F9A2C9F00D2B3CC /* Debug */ = {
			isa = XCBuildConfiguration;
			buildSettings = {
				ALWAYS_EMBED_SWIFT_STANDARD_LIBRARIES = YES;
				BUNDLE_LOADER = "$(TEST_HOST)";
				CODE_SIGN_STYLE = Automatic;
				DEVELOPMENT_TEAM = 262F459V52;
				INFOPLIST_FILE = VKHackathonTests/Info.plist;
				LD_RUNPATH_SEARCH_PATHS = "$(inherited) @executable_path/Frameworks @loader_path/Frameworks";
				PRODUCT_BUNDLE_IDENTIFIER = com.NFO.VKHackathonTests;
				PRODUCT_NAME = "$(TARGET_NAME)";
				SWIFT_VERSION = 4.0;
				TARGETED_DEVICE_FAMILY = "1,2";
				TEST_HOST = "$(BUILT_PRODUCTS_DIR)/VKHackathon.app/VKHackathon";
			};
			name = Debug;
		};
		96BAB8891F9A2C9F00D2B3CC /* Release */ = {
			isa = XCBuildConfiguration;
			buildSettings = {
				ALWAYS_EMBED_SWIFT_STANDARD_LIBRARIES = YES;
				BUNDLE_LOADER = "$(TEST_HOST)";
				CODE_SIGN_STYLE = Automatic;
				DEVELOPMENT_TEAM = 262F459V52;
				INFOPLIST_FILE = VKHackathonTests/Info.plist;
				LD_RUNPATH_SEARCH_PATHS = "$(inherited) @executable_path/Frameworks @loader_path/Frameworks";
				PRODUCT_BUNDLE_IDENTIFIER = com.NFO.VKHackathonTests;
				PRODUCT_NAME = "$(TARGET_NAME)";
				SWIFT_VERSION = 4.0;
				TARGETED_DEVICE_FAMILY = "1,2";
				TEST_HOST = "$(BUILT_PRODUCTS_DIR)/VKHackathon.app/VKHackathon";
			};
			name = Release;
		};
/* End XCBuildConfiguration section */

/* Begin XCConfigurationList section */
		96BAB8601F9A2C9F00D2B3CC /* Build configuration list for PBXProject "VKHackathon" */ = {
			isa = XCConfigurationList;
			buildConfigurations = (
				96BAB8821F9A2C9F00D2B3CC /* Debug */,
				96BAB8831F9A2C9F00D2B3CC /* Release */,
			);
			defaultConfigurationIsVisible = 0;
			defaultConfigurationName = Release;
		};
		96BAB8841F9A2C9F00D2B3CC /* Build configuration list for PBXNativeTarget "VKHackathon" */ = {
			isa = XCConfigurationList;
			buildConfigurations = (
				96BAB8851F9A2C9F00D2B3CC /* Debug */,
				96BAB8861F9A2C9F00D2B3CC /* Release */,
			);
			defaultConfigurationIsVisible = 0;
			defaultConfigurationName = Release;
		};
		96BAB8871F9A2C9F00D2B3CC /* Build configuration list for PBXNativeTarget "VKHackathonTests" */ = {
			isa = XCConfigurationList;
			buildConfigurations = (
				96BAB8881F9A2C9F00D2B3CC /* Debug */,
				96BAB8891F9A2C9F00D2B3CC /* Release */,
			);
			defaultConfigurationIsVisible = 0;
			defaultConfigurationName = Release;
		};
/* End XCConfigurationList section */
	};
	rootObject = 96BAB85D1F9A2C9F00D2B3CC /* Project object */;
}
